
Microsoft Visual Studio Solution File, Format Version 12.00
# Visual Studio 15
Project("{FAE04EC0-301F-11D3-BF4B-00C04F79EFBC}") = "RecipesRemixed.Recipes", "RecipesRemixed.Recipes\RecipesRemixed.Recipes.csproj", "{39E560C5-E421-4136-9752-9F37D6FD0194}"
EndProject
Project("{FAE04EC0-301F-11D3-BF4B-00C04F79EFBC}") = "RecipesRemixed.Identity", "RecipesRemixed.Identity\RecipesRemixed.Identity.csproj", "{F83BC91D-ED3B-419A-AD64-9B9390BC561D}"
EndProject
Project("{FAE04EC0-301F-11D3-BF4B-00C04F79EFBC}") = "RecipesRemixed", "RecipesRemixed\RecipesRemixed.csproj", "{4566B678-7414-4A50-95FC-C6C5A0AF13B1}"
EndProject
Project("{FAE04EC0-301F-11D3-BF4B-00C04F79EFBC}") = "RecipesRemixed.Forum", "RecipesRemixed.Forum\RecipesRemixed.Forum.csproj", "{CE38D63B-42E3-4B94-8CF1-C2767E3C5318}"
EndProject
Project("{FAE04EC0-301F-11D3-BF4B-00C04F79EFBC}") = "RecipesRemixed.Notifications", "RecipesRemixed.Notifications\RecipesRemixed.Notifications.csproj", "{583AC8A8-9113-44B2-A625-C128E9CE46C3}"
EndProject
Project("{FAE04EC0-301F-11D3-BF4B-00C04F79EFBC}") = "RecipesRemixed.Forum.Gateway", "RecipesRemixed.Forum.Gateway\RecipesRemixed.Forum.Gateway.csproj", "{7246BDD6-FA6C-40F8-94BB-CE3E2A5C18CE}"
EndProject
Global
	GlobalSection(SolutionConfigurationPlatforms) = preSolution
		Debug|Any CPU = Debug|Any CPU
		Release|Any CPU = Release|Any CPU
	EndGlobalSection
	GlobalSection(ProjectConfigurationPlatforms) = postSolution
		{39E560C5-E421-4136-9752-9F37D6FD0194}.Debug|Any CPU.ActiveCfg = Debug|Any CPU
		{39E560C5-E421-4136-9752-9F37D6FD0194}.Debug|Any CPU.Build.0 = Debug|Any CPU
		{39E560C5-E421-4136-9752-9F37D6FD0194}.Release|Any CPU.ActiveCfg = Release|Any CPU
		{39E560C5-E421-4136-9752-9F37D6FD0194}.Release|Any CPU.Build.0 = Release|Any CPU
		{F83BC91D-ED3B-419A-AD64-9B9390BC561D}.Debug|Any CPU.ActiveCfg = Debug|Any CPU
		{F83BC91D-ED3B-419A-AD64-9B9390BC561D}.Debug|Any CPU.Build.0 = Debug|Any CPU
		{F83BC91D-ED3B-419A-AD64-9B9390BC561D}.Release|Any CPU.ActiveCfg = Release|Any CPU
		{F83BC91D-ED3B-419A-AD64-9B9390BC561D}.Release|Any CPU.Build.0 = Release|Any CPU
		{4566B678-7414-4A50-95FC-C6C5A0AF13B1}.Debug|Any CPU.ActiveCfg = Debug|Any CPU
		{4566B678-7414-4A50-95FC-C6C5A0AF13B1}.Debug|Any CPU.Build.0 = Debug|Any CPU
		{4566B678-7414-4A50-95FC-C6C5A0AF13B1}.Release|Any CPU.ActiveCfg = Release|Any CPU
		{4566B678-7414-4A50-95FC-C6C5A0AF13B1}.Release|Any CPU.Build.0 = Release|Any CPU
		{CE38D63B-42E3-4B94-8CF1-C2767E3C5318}.Debug|Any CPU.ActiveCfg = Debug|Any CPU
		{CE38D63B-42E3-4B94-8CF1-C2767E3C5318}.Debug|Any CPU.Build.0 = Debug|Any CPU
		{CE38D63B-42E3-4B94-8CF1-C2767E3C5318}.Release|Any CPU.ActiveCfg = Release|Any CPU
		{CE38D63B-42E3-4B94-8CF1-C2767E3C5318}.Release|Any CPU.Build.0 = Release|Any CPU
		{583AC8A8-9113-44B2-A625-C128E9CE46C3}.Debug|Any CPU.ActiveCfg = Debug|Any CPU
		{583AC8A8-9113-44B2-A625-C128E9CE46C3}.Debug|Any CPU.Build.0 = Debug|Any CPU
		{583AC8A8-9113-44B2-A625-C128E9CE46C3}.Release|Any CPU.ActiveCfg = Release|Any CPU
		{583AC8A8-9113-44B2-A625-C128E9CE46C3}.Release|Any CPU.Build.0 = Release|Any CPU
		{7246BDD6-FA6C-40F8-94BB-CE3E2A5C18CE}.Debug|Any CPU.ActiveCfg = Debug|Any CPU
		{7246BDD6-FA6C-40F8-94BB-CE3E2A5C18CE}.Debug|Any CPU.Build.0 = Debug|Any CPU
		{7246BDD6-FA6C-40F8-94BB-CE3E2A5C18CE}.Release|Any CPU.ActiveCfg = Release|Any CPU
		{7246BDD6-FA6C-40F8-94BB-CE3E2A5C18CE}.Release|Any CPU.Build.0 = Release|Any CPU
	EndGlobalSection
EndGlobal
